
Microsoft Visual Studio Solution File, Format Version 12.00
# Visual Studio 15
VisualStudioVersion = 15.0.26430.6
MinimumVisualStudioVersion = 10.0.40219.1
Project("{FAE04EC0-301F-11D3-BF4B-00C04F79EFBC}") = "PubSub", "PubSub\PubSub.csproj", "{B2C06EDE-2E5E-4C71-B8B2-063CBDB43C13}"
EndProject
Project("{FAE04EC0-301F-11D3-BF4B-00C04F79EFBC}") = "Common", "Common\Common.csproj", "{F7B2EC0D-B7DF-45FF-90DF-72A0446A7ACC}"
EndProject
Project("{FAE04EC0-301F-11D3-BF4B-00C04F79EFBC}") = "Transaction", "Transaction\Transaction.csproj", "{72EB873E-E867-405F-A3CC-5152B8B1DF17}"
EndProject
Project("{FAE04EC0-301F-11D3-BF4B-00C04F79EFBC}") = "Lock", "Lock\Lock.csproj", "{26BFD5D1-3736-407F-AB0A-C15CEE34128B}"
EndProject
Global
	GlobalSection(SolutionConfigurationPlatforms) = preSolution
		Debug|Any CPU = Debug|Any CPU
		Release|Any CPU = Release|Any CPU
	EndGlobalSection
	GlobalSection(ProjectConfigurationPlatforms) = postSolution
		{B2C06EDE-2E5E-4C71-B8B2-063CBDB43C13}.Debug|Any CPU.ActiveCfg = Debug|Any CPU
		{B2C06EDE-2E5E-4C71-B8B2-063CBDB43C13}.Debug|Any CPU.Build.0 = Debug|Any CPU
		{B2C06EDE-2E5E-4C71-B8B2-063CBDB43C13}.Release|Any CPU.ActiveCfg = Release|Any CPU
		{B2C06EDE-2E5E-4C71-B8B2-063CBDB43C13}.Release|Any CPU.Build.0 = Release|Any CPU
		{F7B2EC0D-B7DF-45FF-90DF-72A0446A7ACC}.Debug|Any CPU.ActiveCfg = Debug|Any CPU
		{F7B2EC0D-B7DF-45FF-90DF-72A0446A7ACC}.Debug|Any CPU.Build.0 = Debug|Any CPU
		{F7B2EC0D-B7DF-45FF-90DF-72A0446A7ACC}.Release|Any CPU.ActiveCfg = Release|Any CPU
		{F7B2EC0D-B7DF-45FF-90DF-72A0446A7ACC}.Release|Any CPU.Build.0 = Release|Any CPU
		{72EB873E-E867-405F-A3CC-5152B8B1DF17}.Debug|Any CPU.ActiveCfg = Debug|Any CPU
		{72EB873E-E867-405F-A3CC-5152B8B1DF17}.Debug|Any CPU.Build.0 = Debug|Any CPU
		{72EB873E-E867-405F-A3CC-5152B8B1DF17}.Release|Any CPU.ActiveCfg = Release|Any CPU
		{72EB873E-E867-405F-A3CC-5152B8B1DF17}.Release|Any CPU.Build.0 = Release|Any CPU
		{26BFD5D1-3736-407F-AB0A-C15CEE34128B}.Debug|Any CPU.ActiveCfg = Debug|Any CPU
		{26BFD5D1-3736-407F-AB0A-C15CEE34128B}.Debug|Any CPU.Build.0 = Debug|Any CPU
		{26BFD5D1-3736-407F-AB0A-C15CEE34128B}.Release|Any CPU.ActiveCfg = Release|Any CPU
		{26BFD5D1-3736-407F-AB0A-C15CEE34128B}.Release|Any CPU.Build.0 = Release|Any CPU
	EndGlobalSection
	GlobalSection(SolutionProperties) = preSolution
		HideSolutionNode = FALSE
	EndGlobalSection
EndGlobal
